// !$*UTF8*$!
{
	archiveVersion = 1;
	classes = {
	};
	objectVersion = 46;
	objects = {

/* Begin PBXBuildFile section */
		330115951B1205DD00E2283C /* RecordSoundsViewController.swift in Sources */ = {isa = PBXBuildFile; fileRef = 330115941B1205DD00E2283C /* RecordSoundsViewController.swift */; };
		330115981B1205DD00E2283C /* Main.storyboard in Resources */ = {isa = PBXBuildFile; fileRef = 330115961B1205DD00E2283C /* Main.storyboard */; };
		3301159A1B1205DD00E2283C /* Images.xcassets in Resources */ = {isa = PBXBuildFile; fileRef = 330115991B1205DD00E2283C /* Images.xcassets */; };
		3301159D1B1205DD00E2283C /* LaunchScreen.xib in Resources */ = {isa = PBXBuildFile; fileRef = 3301159B1B1205DD00E2283C /* LaunchScreen.xib */; };
		330400AD1B165AF40012F4A2 /* PlaySoundsViewController.swift in Sources */ = {isa = PBXBuildFile; fileRef = 330400AC1B165AF40012F4A2 /* PlaySoundsViewController.swift */; };
		3304ABC71B17AFE200373BD5 /* movie_quote.mp3 in Resources */ = {isa = PBXBuildFile; fileRef = 3304ABC61B17AFE200373BD5 /* movie_quote.mp3 */; };
		3307563E1B1CEC4200CC75D9 /* RecordedAudio.swift in Sources */ = {isa = PBXBuildFile; fileRef = 3307563D1B1CEC4200CC75D9 /* RecordedAudio.swift */; };
		330A76981B21B6EE00D9C994 /* AppDelegate.swift in Sources */ = {isa = PBXBuildFile; fileRef = 330A76971B21B6EE00D9C994 /* AppDelegate.swift */; };
/* End PBXBuildFile section */

/* Begin PBXContainerItemProxy section */
		330115A31B1205DD00E2283C /* PBXContainerItemProxy */ = {
			isa = PBXContainerItemProxy;
			containerPortal = 330115851B1205DD00E2283C /* Project object */;
			proxyType = 1;
			remoteGlobalIDString = 3301158C1B1205DD00E2283C;
			remoteInfo = "Pitch Perfect";
		};
/* End PBXContainerItemProxy section */

/* Begin PBXFileReference section */
		3301158D1B1205DD00E2283C /* Pitch Perfect.app */ = {isa = PBXFileReference; explicitFileType = wrapper.application; includeInIndex = 0; path = "Pitch Perfect.app"; sourceTree = BUILT_PRODUCTS_DIR; };
		330115911B1205DD00E2283C /* Info.plist */ = {isa = PBXFileReference; lastKnownFileType = text.plist.xml; path = Info.plist; sourceTree = "<group>"; };
		330115941B1205DD00E2283C /* RecordSoundsViewController.swift */ = {isa = PBXFileReference; lastKnownFileType = sourcecode.swift; path = RecordSoundsViewController.swift; sourceTree = "<group>"; };
		330115971B1205DD00E2283C /* Base */ = {isa = PBXFileReference; lastKnownFileType = file.storyboard; name = Base; path = Base.lproj/Main.storyboard; sourceTree = "<group>"; };
		330115991B1205DD00E2283C /* Images.xcassets */ = {isa = PBXFileReference; lastKnownFileType = folder.assetcatalog; path = Images.xcassets; sourceTree = "<group>"; };
		3301159C1B1205DD00E2283C /* Base */ = {isa = PBXFileReference; lastKnownFileType = file.xib; name = Base; path = Base.lproj/LaunchScreen.xib; sourceTree = "<group>"; };
		330115A21B1205DD00E2283C /* Pitch PerfectTests.xctest */ = {isa = PBXFileReference; explicitFileType = wrapper.cfbundle; includeInIndex = 0; path = "Pitch PerfectTests.xctest"; sourceTree = BUILT_PRODUCTS_DIR; };
		330115A71B1205DD00E2283C /* Info.plist */ = {isa = PBXFileReference; lastKnownFileType = text.plist.xml; path = Info.plist; sourceTree = "<group>"; };
		330400AC1B165AF40012F4A2 /* PlaySoundsViewController.swift */ = {isa = PBXFileReference; fileEncoding = 4; lastKnownFileType = sourcecode.swift; path = PlaySoundsViewController.swift; sourceTree = "<group>"; };
		3304ABC61B17AFE200373BD5 /* movie_quote.mp3 */ = {isa = PBXFileReference; lastKnownFileType = audio.mp3; name = movie_quote.mp3; path = ../movie_quote.mp3; sourceTree = "<group>"; };
		3307563D1B1CEC4200CC75D9 /* RecordedAudio.swift */ = {isa = PBXFileReference; fileEncoding = 4; lastKnownFileType = sourcecode.swift; path = RecordedAudio.swift; sourceTree = "<group>"; };
		330A76971B21B6EE00D9C994 /* AppDelegate.swift */ = {isa = PBXFileReference; fileEncoding = 4; lastKnownFileType = sourcecode.swift; path = AppDelegate.swift; sourceTree = "<group>"; };
/* End PBXFileReference section */

/* Begin PBXFrameworksBuildPhase section */
		3301158A1B1205DD00E2283C /* Frameworks */ = {
			isa = PBXFrameworksBuildPhase;
			buildActionMask = 2147483647;
			files = (
			);
			runOnlyForDeploymentPostprocessing = 0;
		};
		3301159F1B1205DD00E2283C /* Frameworks */ = {
			isa = PBXFrameworksBuildPhase;
			buildActionMask = 2147483647;
			files = (
			);
			runOnlyForDeploymentPostprocessing = 0;
		};
/* End PBXFrameworksBuildPhase section */

/* Begin PBXGroup section */
		330115841B1205DD00E2283C = {
			isa = PBXGroup;
			children = (
				3301158F1B1205DD00E2283C /* Pitch Perfect */,
				330115A61B1205DD00E2283C /* Supporting Files */,
				3301158E1B1205DD00E2283C /* Products */,
			);
			sourceTree = "<group>";
		};
		3301158E1B1205DD00E2283C /* Products */ = {
			isa = PBXGroup;
			children = (
				3301158D1B1205DD00E2283C /* Pitch Perfect.app */,
				330115A21B1205DD00E2283C /* Pitch PerfectTests.xctest */,
			);
			name = Products;
			sourceTree = "<group>";
		};
		3301158F1B1205DD00E2283C /* Pitch Perfect */ = {
			isa = PBXGroup;
			children = (
				330A76971B21B6EE00D9C994 /* AppDelegate.swift */,
				330115941B1205DD00E2283C /* RecordSoundsViewController.swift */,
				330400AC1B165AF40012F4A2 /* PlaySoundsViewController.swift */,
				330115961B1205DD00E2283C /* Main.storyboard */,
				330115991B1205DD00E2283C /* Images.xcassets */,
				3301159B1B1205DD00E2283C /* LaunchScreen.xib */,
				330115901B1205DD00E2283C /* Supporting Files */,
				3307563D1B1CEC4200CC75D9 /* RecordedAudio.swift */,
			);
			path = "Pitch Perfect";
			sourceTree = "<group>";
		};
		330115901B1205DD00E2283C /* Supporting Files */ = {
			isa = PBXGroup;
			children = (
				330115911B1205DD00E2283C /* Info.plist */,
			);
			name = "Supporting Files";
			sourceTree = "<group>";
		};
		330115A61B1205DD00E2283C /* Supporting Files */ = {
			isa = PBXGroup;
			children = (
				3304ABC61B17AFE200373BD5 /* movie_quote.mp3 */,
				330115A71B1205DD00E2283C /* Info.plist */,
			);
			name = "Supporting Files";
			path = "Pitch PerfectTests";
			sourceTree = "<group>";
		};
/* End PBXGroup section */

/* Begin PBXNativeTarget section */
		3301158C1B1205DD00E2283C /* Pitch Perfect */ = {
			isa = PBXNativeTarget;
			buildConfigurationList = 330115AC1B1205DD00E2283C /* Build configuration list for PBXNativeTarget "Pitch Perfect" */;
			buildPhases = (
				330115891B1205DD00E2283C /* Sources */,
				3301158A1B1205DD00E2283C /* Frameworks */,
				3301158B1B1205DD00E2283C /* Resources */,
			);
			buildRules = (
			);
			dependencies = (
			);
			name = "Pitch Perfect";
			productName = "Pitch Perfect";
			productReference = 3301158D1B1205DD00E2283C /* Pitch Perfect.app */;
			productType = "com.apple.product-type.application";
		};
		330115A11B1205DD00E2283C /* Pitch PerfectTests */ = {
			isa = PBXNativeTarget;
			buildConfigurationList = 330115AF1B1205DD00E2283C /* Build configuration list for PBXNativeTarget "Pitch PerfectTests" */;
			buildPhases = (
				3301159E1B1205DD00E2283C /* Sources */,
				3301159F1B1205DD00E2283C /* Frameworks */,
				330115A01B1205DD00E2283C /* Resources */,
			);
			buildRules = (
			);
			dependencies = (
				330115A41B1205DD00E2283C /* PBXTargetDependency */,
			);
			name = "Pitch PerfectTests";
			productName = "Pitch PerfectTests";
			productReference = 330115A21B1205DD00E2283C /* Pitch PerfectTests.xctest */;
			productType = "com.apple.product-type.bundle.unit-test";
		};
/* End PBXNativeTarget section */

/* Begin PBXProject section */
		330115851B1205DD00E2283C /* Project object */ = {
			isa = PBXProject;
			attributes = {
				LastUpgradeCheck = 0630;
				ORGANIZATIONNAME = "Dina Daftedar";
				TargetAttributes = {
					3301158C1B1205DD00E2283C = {
						CreatedOnToolsVersion = 6.3.2;
					};
					330115A11B1205DD00E2283C = {
						CreatedOnToolsVersion = 6.3.2;
						TestTargetID = 3301158C1B1205DD00E2283C;
					};
				};
			};
			buildConfigurationList = 330115881B1205DD00E2283C /* Build configuration list for PBXProject "Pitch Perfect" */;
			compatibilityVersion = "Xcode 3.2";
			developmentRegion = English;
			hasScannedForEncodings = 0;
			knownRegions = (
				en,
				Base,
			);
			mainGroup = 330115841B1205DD00E2283C;
			productRefGroup = 3301158E1B1205DD00E2283C /* Products */;
			projectDirPath = "";
			projectRoot = "";
			targets = (
				3301158C1B1205DD00E2283C /* Pitch Perfect */,
				330115A11B1205DD00E2283C /* Pitch PerfectTests */,
			);
		};
/* End PBXProject section */

/* Begin PBXResourcesBuildPhase section */
		3301158B1B1205DD00E2283C /* Resources */ = {
			isa = PBXResourcesBuildPhase;
			buildActionMask = 2147483647;
			files = (
				330115981B1205DD00E2283C /* Main.storyboard in Resources */,
				3301159D1B1205DD00E2283C /* LaunchScreen.xib in Resources */,
				3304ABC71B17AFE200373BD5 /* movie_quote.mp3 in Resources */,
				3301159A1B1205DD00E2283C /* Images.xcassets in Resources */,
			);
			runOnlyForDeploymentPostprocessing = 0;
		};
		330115A01B1205DD00E2283C /* Resources */ = {
			isa = PBXResourcesBuildPhase;
			buildActionMask = 2147483647;
			files = (
			);
			runOnlyForDeploymentPostprocessing = 0;
		};
/* End PBXResourcesBuildPhase section */

/* Begin PBXSourcesBuildPhase section */
		330115891B1205DD00E2283C /* Sources */ = {
			isa = PBXSourcesBuildPhase;
			buildActionMask = 2147483647;
			files = (
				330A76981B21B6EE00D9C994 /* AppDelegate.swift in Sources */,
				330115951B1205DD00E2283C /* RecordSoundsViewController.swift in Sources */,
				3307563E1B1CEC4200CC75D9 /* RecordedAudio.swift in Sources */,
				330400AD1B165AF40012F4A2 /* PlaySoundsViewController.swift in Sources */,
			);
			runOnlyForDeploymentPostprocessing = 0;
		};
		3301159E1B1205DD00E2283C /* Sources */ = {
			isa = PBXSourcesBuildPhase;
			buildActionMask = 2147483647;
			files = (
			);
			runOnlyForDeploymentPostprocessing = 0;
		};
/* End PBXSourcesBuildPhase section */

/* Begin PBXTargetDependency section */
		330115A41B1205DD00E2283C /* PBXTargetDependency */ = {
			isa = PBXTargetDependency;
			target = 3301158C1B1205DD00E2283C /* Pitch Perfect */;
			targetProxy = 330115A31B1205DD00E2283C /* PBXContainerItemProxy */;
		};
/* End PBXTargetDependency section */

/* Begin PBXVariantGroup section */
		330115961B1205DD00E2283C /* Main.storyboard */ = {
			isa = PBXVariantGroup;
			children = (
				330115971B1205DD00E2283C /* Base */,
			);
			name = Main.storyboard;
			sourceTree = "<group>";
		};
		3301159B1B1205DD00E2283C /* LaunchScreen.xib */ = {
			isa = PBXVariantGroup;
			children = (
				3301159C1B1205DD00E2283C /* Base */,
			);
			name = LaunchScreen.xib;
			sourceTree = "<group>";
		};
/* End PBXVariantGroup section */

/* Begin XCBuildConfiguration section */
		330115AA1B1205DD00E2283C /* Debug */ = {
			isa = XCBuildConfiguration;
			buildSettings = {
				ALWAYS_SEARCH_USER_PATHS = NO;
				CLANG_CXX_LANGUAGE_STANDARD = "gnu++0x";
				CLANG_CXX_LIBRARY = "libc++";
				CLANG_ENABLE_MODULES = YES;
				CLANG_ENABLE_OBJC_ARC = YES;
				CLANG_WARN_BOOL_CONVERSION = YES;
				CLANG_WARN_CONSTANT_CONVERSION = YES;
				CLANG_WARN_DIRECT_OBJC_ISA_USAGE = YES_ERROR;
				CLANG_WARN_EMPTY_BODY = YES;
				CLANG_WARN_ENUM_CONVERSION = YES;
				CLANG_WARN_INT_CONVERSION = YES;
				CLANG_WARN_OBJC_ROOT_CLASS = YES_ERROR;
				CLANG_WARN_UNREACHABLE_CODE = YES;
				CLANG_WARN__DUPLICATE_METHOD_MATCH = YES;
				"CODE_SIGN_IDENTITY[sdk=iphoneos*]" = "iPhone Developer";
				COPY_PHASE_STRIP = NO;
				DEBUG_INFORMATION_FORMAT = "dwarf-with-dsym";
				ENABLE_STRICT_OBJC_MSGSEND = YES;
				GCC_C_LANGUAGE_STANDARD = gnu99;
				GCC_DYNAMIC_NO_PIC = NO;
				GCC_NO_COMMON_BLOCKS = YES;
				GCC_OPTIMIZATION_LEVEL = 0;
				GCC_PREPROCESSOR_DEFINITIONS = (
					"DEBUG=1",
					"$(inherited)",
				);
				GCC_SYMBOLS_PRIVATE_EXTERN = NO;
				GCC_WARN_64_TO_32_BIT_CONVERSION = YES;
				GCC_WARN_ABOUT_RETURN_TYPE = YES_ERROR;
				GCC_WARN_UNDECLARED_SELECTOR = YES;
				GCC_WARN_UNINITIALIZED_AUTOS = YES_AGGRESSIVE;
				GCC_WARN_UNUSED_FUNCTION = YES;
				GCC_WARN_UNUSED_VARIABLE = YES;
				IPHONEOS_DEPLOYMENT_TARGET = 8.3;
				MTL_ENABLE_DEBUG_INFO = YES;
				ONLY_ACTIVE_ARCH = YES;
				SDKROOT = iphoneos;
				SWIFT_OPTIMIZATION_LEVEL = "-Onone";
			};
			name = Debug;
		};
		330115AB1B1205DD00E2283C /* Release */ = {
			isa = XCBuildConfiguration;
			buildSettings = {
				ALWAYS_SEARCH_USER_PATHS = NO;
				CLANG_CXX_LANGUAGE_STANDARD = "gnu++0x";
				CLANG_CXX_LIBRARY = "libc++";
				CLANG_ENABLE_MODULES = YES;
				CLANG_ENABLE_OBJC_ARC = YES;
				CLANG_WARN_BOOL_CONVERSION = YES;
				CLANG_WARN_CONSTANT_CONVERSION = YES;
				CLANG_WARN_DIRECT_OBJC_ISA_USAGE = YES_ERROR;
				CLANG_WARN_EMPTY_BODY = YES;
				CLANG_WARN_ENUM_CONVERSION = YES;
				CLANG_WARN_INT_CONVERSION = YES;
				CLANG_WARN_OBJC_ROOT_CLASS = YES_ERROR;
				CLANG_WARN_UNREACHABLE_CODE = YES;
				CLANG_WARN__DUPLICATE_METHOD_MATCH = YES;
				"CODE_SIGN_IDENTITY[sdk=iphoneos*]" = "iPhone Developer";
				COPY_PHASE_STRIP = NO;
				DEBUG_INFORMATION_FORMAT = "dwarf-with-dsym";
				ENABLE_NS_ASSERTIONS = NO;
				ENABLE_STRICT_OBJC_MSGSEND = YES;
				GCC_C_LANGUAGE_STANDARD = gnu99;
				GCC_NO_COMMON_BLOCKS = YES;
				GCC_WARN_64_TO_32_BIT_CONVERSION = YES;
				GCC_WARN_ABOUT_RETURN_TYPE = YES_ERROR;
				GCC_WARN_UNDECLARED_SELECTOR = YES;
				GCC_WARN_UNINITIALIZED_AUTOS = YES_AGGRESSIVE;
				GCC_WARN_UNUSED_FUNCTION = YES;
				GCC_WARN_UNUSED_VARIABLE = YES;
				IPHONEOS_DEPLOYMENT_TARGET = 8.3;
				MTL_ENABLE_DEBUG_INFO = NO;
				SDKROOT = iphoneos;
				VALIDATE_PRODUCT = YES;
			};
			name = Release;
		};
		330115AD1B1205DD00E2283C /* Debug */ = {
			isa = XCBuildConfiguration;
			buildSettings = {
				ASSETCATALOG_COMPILER_APPICON_NAME = AppIcon;
				INFOPLIST_FILE = "Pitch Perfect/Info.plist";
				IPHONEOS_DEPLOYMENT_TARGET = 8.0;
				LD_RUNPATH_SEARCH_PATHS = "$(inherited) @executable_path/Frameworks";
				PRODUCT_NAME = "$(TARGET_NAME)";
			};
			name = Debug;
		};
		330115AE1B1205DD00E2283C /* Release */ = {
			isa = XCBuildConfiguration;
			buildSettings = {
				ASSETCATALOG_COMPILER_APPICON_NAME = AppIcon;
				INFOPLIST_FILE = "Pitch Perfect/Info.plist";
				IPHONEOS_DEPLOYMENT_TARGET = 8.0;
				LD_RUNPATH_SEARCH_PATHS = "$(inherited) @executable_path/Frameworks";
				PRODUCT_NAME = "$(TARGET_NAME)";
			};
			name = Release;
		};
		330115B01B1205DD00E2283C /* Debug */ = {
			isa = XCBuildConfiguration;
			buildSettings = {
				BUNDLE_LOADER = "$(TEST_HOST)";
				FRAMEWORK_SEARCH_PATHS = (
					"$(SDKROOT)/Developer/Library/Frameworks",
					"$(inherited)",
				);
				GCC_PREPROCESSOR_DEFINITIONS = (
					"DEBUG=1",
					"$(inherited)",
				);
				INFOPLIST_FILE = "Pitch PerfectTests/Info.plist";
				LD_RUNPATH_SEARCH_PATHS = "$(inherited) @executable_path/Frameworks @loader_path/Frameworks";
				PRODUCT_NAME = "$(TARGET_NAME)";
				TEST_HOST = "$(BUILT_PRODUCTS_DIR)/Pitch Perfect.app/Pitch Perfect";
			};
			name = Debug;
		};
		330115B11B1205DD00E2283C /* Release */ = {
			isa = XCBuildConfiguration;
			buildSettings = {
				BUNDLE_LOADER = "$(TEST_HOST)";
				FRAMEWORK_SEARCH_PATHS = (
					"$(SDKROOT)/Developer/Library/Frameworks",
					"$(inherited)",
				);
				INFOPLIST_FILE = "Pitch PerfectTests/Info.plist";
				LD_RUNPATH_SEARCH_PATHS = "$(inherited) @executable_path/Frameworks @loader_path/Frameworks";
				PRODUCT_NAME = "$(TARGET_NAME)";
				TEST_HOST = "$(BUILT_PRODUCTS_DIR)/Pitch Perfect.app/Pitch Perfect";
			};
			name = Release;
		};
/* End XCBuildConfiguration section */

/* Begin XCConfigurationList section */
		330115881B1205DD00E2283C /* Build configuration list for PBXProject "Pitch Perfect" */ = {
			isa = XCConfigurationList;
			buildConfigurations = (
				330115AA1B1205DD00E2283C /* Debug */,
				330115AB1B1205DD00E2283C /* Release */,
			);
			defaultConfigurationIsVisible = 0;
			defaultConfigurationName = Release;
		};
		330115AC1B1205DD00E2283C /* Build configuration list for PBXNativeTarget "Pitch Perfect" */ = {
			isa = XCConfigurationList;
			buildConfigurations = (
				330115AD1B1205DD00E2283C /* Debug */,
				330115AE1B1205DD00E2283C /* Release */,
			);
			defaultConfigurationIsVisible = 0;
			defaultConfigurationName = Release;
		};
		330115AF1B1205DD00E2283C /* Build configuration list for PBXNativeTarget "Pitch PerfectTests" */ = {
			isa = XCConfigurationList;
			buildConfigurations = (
				330115B01B1205DD00E2283C /* Debug */,
				330115B11B1205DD00E2283C /* Release */,
			);
			defaultConfigurationIsVisible = 0;
			defaultConfigurationName = Release;
		};
/* End XCConfigurationList section */
	};
	rootObject = 330115851B1205DD00E2283C /* Project object */;
}
